github.com/JesseCoretta/go-antlr4512 v1.0.7 h1:8g53J9DsShLrCamxu1ptbCk94UqsNTknTNDIXr+m/UY=
github.com/JesseCoretta/go-antlr4512 v1.0.7/go.mod h1:vCwu7gTfNSpVokQVnv6Lb4849elh067gKk87pzKV/3U=
github.com/JesseCoretta/go-antlr4512 v1.0.8 h1:UGzRH2PSvqHXUUYH02llp9E4GmtoK0/Y2ruapA821T0=
github.com/JesseCoretta/go-antlr4512 v1.0.8/go.mod h1:Lp7Kgd6vyZAQOENhSGvsIWU9XiQRJ7CuqNWbwZ2MTkY=
github.com/JesseCoretta/go-objectid v1.0.4 h1:JhQTcKXc5yrr3nCuLOVaG16K5Bgf8hZOwYsmDWz81zw=
github.com/JesseCoretta/go-objectid v1.0.4/go.mod h1:dOPQhGxLieMBl4WF1gq0Z3yb3KppfNGV/XrPrudjyuw=
github.com/JesseCoretta/go-shifty v1.0.1 h1:+AaQbNfVtWxWwI9jo0Hke6Jv1mBlOD/bAooaj0xjVi8=
github.com/JesseCoretta/go-shifty v1.0.1/go.mod h1:vnqi9wCMnLDDD4XU3NmL2fF7dz4HiaAuI/M3bqB2bQE=
github.com/JesseCoretta/go-stackage v1.0.4 h1:VGW2KA5XKuuH+h7thZiQkd4C/eWBdhKkRvBJZ16zuck=
github.com/JesseCoretta/go-stackage v1.0.4/go.mod h1:QnPSyIRAMp4VWZNwBOOF7IcBGu+rWVUMDcAeATlRikI=
github.com/antlr4-go/antlr/v4 v4.13.0 h1:lxCg3LAv+EUK6t1i0y1V6/SLeUi0eKEKdhQAlS8TVTI=
github.com/antlr4-go/antlr/v4 v4.13.0/go.mod h1:pfChB/xh/Unjila75QW7+VU4TSnWnnk9UTnmpPaOR2g=
golang.org/x/exp v0.0.0-20240404231335-c0f41cb1a7a0 h1:985EYyeCOxTpcgOTJpflJUwOeEz0CQOdPt73OzpE9F8=
golang.org/x/exp v0.0.0-20240404231335-c0f41cb1a7a0/go.mod h1:/lliqkxwWAhPjf5oSOIJup2XcqJaw8RGS6k3TGEc7GI=
